PODS:
  - GDTMobSDK (4.8.4):
    - GDTMobSDK/GDTMobSDK (= 4.8.4)
  - GDTMobSDK/GDTMobSDK (4.8.4)
  - Masonry (1.1.0)

DEPENDENCIES:
  - GDTMobSDK
  - Masonry

SPEC REPOS:
  https://github.com/cocoapods/specs.git:
    - GDTMobSDK
    - Masonry

SPEC CHECKSUMS:
  GDTMobSDK: eb2277ce2a8f484043a1fa2311b17e58fb8a92cc
  Masonry: 678fab65091a9290e40e2832a55e7ab731aad201

PODFILE CHECKSUM: 29710cd6e04ffe18b445817f54cef62242d29039

COCOAPODS: 1.6.0.beta.2
